
Microsoft Visual Studio Solution File, Format Version 12.00
# Visual Studio 14
VisualStudioVersion = 14.0.25420.1
MinimumVisualStudioVersion = 10.0.40219.1
Project("{E24C65DC-7377-472B-9ABA-BC803B73C61A}") = "LabClient", "M:\AdvancedWeb\LabClient\", "{DD77874E-1456-4C50-BA8E-2A7E9597FB5D}"
	ProjectSection(WebsiteProperties) = preProject
		TargetFrameworkMoniker = ".NETFramework,Version%3Dv4.5.2"
		Debug.AspNetCompiler.VirtualPath = "/localhost_59240"
		Debug.AspNetCompiler.PhysicalPath = "M:\AdvancedWeb\LabClient\"
		Debug.AspNetCompiler.TargetPath = "PrecompiledWeb\localhost_59240\"
		Debug.AspNetCompiler.Updateable = "true"
		Debug.AspNetCompiler.ForceOverwrite = "true"
		Debug.AspNetCompiler.FixedNames = "false"
		Debug.AspNetCompiler.Debug = "True"
		Release.AspNetCompiler.VirtualPath = "/localhost_59240"
		Release.AspNetCompiler.PhysicalPath = "M:\AdvancedWeb\LabClient\"
		Release.AspNetCompiler.TargetPath = "PrecompiledWeb\localhost_59240\"
		Release.AspNetCompiler.Updateable = "true"
		Release.AspNetCompiler.ForceOverwrite = "true"
		Release.AspNetCompiler.FixedNames = "false"
		Release.AspNetCompiler.Debug = "False"
		VWDPort = "59240"
		SlnRelativePath = "M:\AdvancedWeb\LabClient\"
		DefaultWebSiteLanguage = "Visual C#"
	EndProjectSection
EndProject
Global
	GlobalSection(SolutionConfigurationPlatforms) = preSolution
		Debug|Any CPU = Debug|Any CPU
	EndGlobalSection
	GlobalSection(ProjectConfigurationPlatforms) = postSolution
		{DD77874E-1456-4C50-BA8E-2A7E9597FB5D}.Debug|Any CPU.ActiveCfg = Debug|Any CPU
		{DD77874E-1456-4C50-BA8E-2A7E9597FB5D}.Debug|Any CPU.Build.0 = Debug|Any CPU
	EndGlobalSection
	GlobalSection(SolutionProperties) = preSolution
		HideSolutionNode = FALSE
	EndGlobalSection
EndGlobal
